# generated by rye
# use `rye lock` or `rye sync` to update this lockfile
#
# last locked with the following flags:
#   pre: false
#   features: []
#   all-features: false
#   with-sources: false
#   generate-hashes: false
#   universal: false

-e file:.
anyio==4.7.0
    # via starlette
environs==11.2.1
    # via webring
idna==3.10
    # via anyio
jinja2==3.1.4
    # via webring
markupsafe==3.0.2
    # via jinja2
marshmallow==3.23.1
    # via environs
packaging==24.2
    # via marshmallow
psycopg==3.2.3
    # via webring
psycopg-binary==3.2.3
    # via psycopg
python-dotenv==1.0.1
    # via environs
python-multipart==0.0.19
    # via webring
sniffio==1.3.1
    # via anyio
starlette==0.42.0
    # via webring
typing-extensions==4.12.2
    # via anyio
    # via psycopg
tzdata==2024.2
    # via psycopg
